
Microsoft Visual Studio Solution File, Format Version 12.00
# Visual Studio Version 17
VisualStudioVersion = 17.11.35222.181
MinimumVisualStudioVersion = 10.0.40219.1
Project("{FAE04EC0-301F-11D3-BF4B-00C04F79EFBC}") = "ProgramacaoOrientadaObjetosNoCSharp-Pluralsight", "ProgramacaoOrientadaObjetosNoCSharp-Pluralsight\ProgramacaoOrientadaObjetosNoCSharp-Pluralsight.csproj", "{C414BC70-72ED-4FB5-ABAC-5322788CD970}"
EndProject
Global
	GlobalSection(SolutionConfigurationPlatforms) = preSolution
		Debug|Any CPU = Debug|Any CPU
		Release|Any CPU = Release|Any CPU
	EndGlobalSection
	GlobalSection(ProjectConfigurationPlatforms) = postSolution
		{C414BC70-72ED-4FB5-ABAC-5322788CD970}.Debug|Any CPU.ActiveCfg = Debug|Any CPU
		{C414BC70-72ED-4FB5-ABAC-5322788CD970}.Debug|Any CPU.Build.0 = Debug|Any CPU
		{C414BC70-72ED-4FB5-ABAC-5322788CD970}.Release|Any CPU.ActiveCfg = Release|Any CPU
		{C414BC70-72ED-4FB5-ABAC-5322788CD970}.Release|Any CPU.Build.0 = Release|Any CPU
	EndGlobalSection
	GlobalSection(SolutionProperties) = preSolution
		HideSolutionNode = FALSE
	EndGlobalSection
	GlobalSection(ExtensibilityGlobals) = postSolution
		SolutionGuid = {022058DD-0BAF-48C1-B993-C215C07D135B}
	EndGlobalSection
EndGlobal
